{
  "name": "ES6",
  "lockfileVersion": 2,
  "requires": true,
  "packages": {
    "": {
      "dependencies": {
        "echarts-liquidfill": "^3.1.0"
      }
    },
    "node_modules/echarts": {
      "version": "5.2.2",
      "resolved": "https://registry.npmmirror.com/echarts/download/echarts-5.2.2.tgz",
      "integrity": "sha1-7DyLKhUcu6cbo8LHz5svIEfOQ3A=",
      "license": "Apache-2.0",
      "peer": true,
      "dependencies": {
        "tslib": "2.3.0",
        "zrender": "5.2.1"
      }
    },
    "node_modules/echarts-liquidfill": {
      "version": "3.1.0",
      "resolved": "https://registry.nlark.com/echarts-liquidfill/download/echarts-liquidfill-3.1.0.tgz",
      "integrity": "sha1-TscPNpc4LQQEyV//nz6N2FyDd9o=",
      "peerDependencies": {
        "echarts": "^5.0.1"
      }
    },
    "node_modules/tslib": {
      "version": "2.3.0",
      "resolved": "https://registry.nlark.com/tslib/download/tslib-2.3.0.tgz?cache=0&sync_timestamp=1628722556410&other_urls=https%3A%2F%2Fregistry.nlark.com%2Ftslib%2Fdownload%2Ftslib-2.3.0.tgz",
      "integrity": "sha1-gDuM2rPhK6WBpMpByIObuw2ssJ4=",
      "peer": true
    },
    "node_modules/zrender": {
      "version": "5.2.1",
      "resolved": "https://registry.nlark.com/zrender/download/zrender-5.2.1.tgz",
      "integrity": "sha1-X0u9qRW6bUErCxncJDG+qtBUF7s=",
      "peer": true,
      "dependencies": {
        "tslib": "2.3.0"
      }
    }
  },
  "dependencies": {
    "echarts": {
      "version": "5.2.2",
      "resolved": "https://registry.npmmirror.com/echarts/download/echarts-5.2.2.tgz",
      "integrity": "sha1-7DyLKhUcu6cbo8LHz5svIEfOQ3A=",
      "peer": true,
      "requires": {
        "tslib": "2.3.0",
        "zrender": "5.2.1"
      }
    },
    "echarts-liquidfill": {
      "version": "3.1.0",
      "resolved": "https://registry.nlark.com/echarts-liquidfill/download/echarts-liquidfill-3.1.0.tgz",
      "integrity": "sha1-TscPNpc4LQQEyV//nz6N2FyDd9o=",
      "requires": {}
    },
    "tslib": {
      "version": "2.3.0",
      "resolved": "https://registry.nlark.com/tslib/download/tslib-2.3.0.tgz?cache=0&sync_timestamp=1628722556410&other_urls=https%3A%2F%2Fregistry.nlark.com%2Ftslib%2Fdownload%2Ftslib-2.3.0.tgz",
      "integrity": "sha1-gDuM2rPhK6WBpMpByIObuw2ssJ4=",
      "peer": true
    },
    "zrender": {
      "version": "5.2.1",
      "resolved": "https://registry.nlark.com/zrender/download/zrender-5.2.1.tgz",
      "integrity": "sha1-X0u9qRW6bUErCxncJDG+qtBUF7s=",
      "peer": true,
      "requires": {
        "tslib": "2.3.0"
      }
    }
  }
}
